
Microsoft Visual Studio Solution File, Format Version 12.00
# Visual Studio Version 17
VisualStudioVersion = 17.5.002.0
MinimumVisualStudioVersion = 10.0.40219.1
Project("{2150E333-8FDC-42A3-9474-1A3956D46DE8}") = "apps", "apps", "{4607604B-8A2A-42FD-B443-C8B86C2317DF}"
EndProject
Project("{9A19103F-16F7-4668-BE54-9A1E7A4F7556}") = "frontend-blazor", "apps\frontend-blazor\frontend-blazor.csproj", "{F109C05D-A6EA-4BD5-9BB6-CCD89FD095F0}"
EndProject
Global
	GlobalSection(SolutionConfigurationPlatforms) = preSolution
		Debug|Any CPU = Debug|Any CPU
		Release|Any CPU = Release|Any CPU
	EndGlobalSection
	GlobalSection(ProjectConfigurationPlatforms) = postSolution
		{F109C05D-A6EA-4BD5-9BB6-CCD89FD095F0}.Debug|Any CPU.ActiveCfg = Debug|Any CPU
		{F109C05D-A6EA-4BD5-9BB6-CCD89FD095F0}.Debug|Any CPU.Build.0 = Debug|Any CPU
		{F109C05D-A6EA-4BD5-9BB6-CCD89FD095F0}.Release|Any CPU.ActiveCfg = Release|Any CPU
		{F109C05D-A6EA-4BD5-9BB6-CCD89FD095F0}.Release|Any CPU.Build.0 = Release|Any CPU
	EndGlobalSection
	GlobalSection(SolutionProperties) = preSolution
		HideSolutionNode = FALSE
	EndGlobalSection
	GlobalSection(NestedProjects) = preSolution
		{F109C05D-A6EA-4BD5-9BB6-CCD89FD095F0} = {4607604B-8A2A-42FD-B443-C8B86C2317DF}
	EndGlobalSection
	GlobalSection(ExtensibilityGlobals) = postSolution
		SolutionGuid = {B823074C-05F4-4669-BE7A-0ED03319A229}
	EndGlobalSection
EndGlobal
